
Microsoft Visual Studio Solution File, Format Version 12.00
# Visual Studio Version 17
VisualStudioVersion = 17.1.32328.378
MinimumVisualStudioVersion = 10.0.40219.1
Project("{FAE04EC0-301F-11D3-BF4B-00C04F79EFBC}") = "PraticaAula11", "PraticaAula11\PraticaAula11.csproj", "{DDE1CDBA-723D-4688-8384-BC2D5AA1EAF8}"
EndProject
Global
	GlobalSection(SolutionConfigurationPlatforms) = preSolution
		Debug|Any CPU = Debug|Any CPU
		Release|Any CPU = Release|Any CPU
	EndGlobalSection
	GlobalSection(ProjectConfigurationPlatforms) = postSolution
		{DDE1CDBA-723D-4688-8384-BC2D5AA1EAF8}.Debug|Any CPU.ActiveCfg = Debug|Any CPU
		{DDE1CDBA-723D-4688-8384-BC2D5AA1EAF8}.Debug|Any CPU.Build.0 = Debug|Any CPU
		{DDE1CDBA-723D-4688-8384-BC2D5AA1EAF8}.Release|Any CPU.ActiveCfg = Release|Any CPU
		{DDE1CDBA-723D-4688-8384-BC2D5AA1EAF8}.Release|Any CPU.Build.0 = Release|Any CPU
	EndGlobalSection
	GlobalSection(SolutionProperties) = preSolution
		HideSolutionNode = FALSE
	EndGlobalSection
	GlobalSection(ExtensibilityGlobals) = postSolution
		SolutionGuid = {CD2F017A-36AF-4630-A166-D582E792F196}
	EndGlobalSection
EndGlobal
