
Microsoft Visual Studio Solution File, Format Version 12.00
# Visual Studio Version 17
VisualStudioVersion = 17.1.32328.378
MinimumVisualStudioVersion = 10.0.40219.1
Project("{FAE04EC0-301F-11D3-BF4B-00C04F79EFBC}") = "Exercicio6Lista10Zoologico", "Exercicio6Lista10Zoologico\Exercicio6Lista10Zoologico.csproj", "{BDC6CF2B-4B5C-4268-926F-A4CBEB81D81E}"
EndProject
Global
	GlobalSection(SolutionConfigurationPlatforms) = preSolution
		Debug|Any CPU = Debug|Any CPU
		Release|Any CPU = Release|Any CPU
	EndGlobalSection
	GlobalSection(ProjectConfigurationPlatforms) = postSolution
		{BDC6CF2B-4B5C-4268-926F-A4CBEB81D81E}.Debug|Any CPU.ActiveCfg = Debug|Any CPU
		{BDC6CF2B-4B5C-4268-926F-A4CBEB81D81E}.Debug|Any CPU.Build.0 = Debug|Any CPU
		{BDC6CF2B-4B5C-4268-926F-A4CBEB81D81E}.Release|Any CPU.ActiveCfg = Release|Any CPU
		{BDC6CF2B-4B5C-4268-926F-A4CBEB81D81E}.Release|Any CPU.Build.0 = Release|Any CPU
	EndGlobalSection
	GlobalSection(SolutionProperties) = preSolution
		HideSolutionNode = FALSE
	EndGlobalSection
	GlobalSection(ExtensibilityGlobals) = postSolution
		SolutionGuid = {CB8046E2-AFB9-48D4-BA78-A3D73E19279D}
	EndGlobalSection
EndGlobal
