
Microsoft Visual Studio Solution File, Format Version 12.00
# Visual Studio Version 17
VisualStudioVersion = 17.1.32328.378
MinimumVisualStudioVersion = 10.0.40219.1
Project("{FAE04EC0-301F-11D3-BF4B-00C04F79EFBC}") = "Exercicio 3 CS lista 6 tabuada", "Exercicio 3 CS lista 6 tabuada\Exercicio 3 CS lista 6 tabuada.csproj", "{D1A7C61F-3AE9-4329-BD1A-FA1F909CE812}"
EndProject
Global
	GlobalSection(SolutionConfigurationPlatforms) = preSolution
		Debug|Any CPU = Debug|Any CPU
		Release|Any CPU = Release|Any CPU
	EndGlobalSection
	GlobalSection(ProjectConfigurationPlatforms) = postSolution
		{D1A7C61F-3AE9-4329-BD1A-FA1F909CE812}.Debug|Any CPU.ActiveCfg = Debug|Any CPU
		{D1A7C61F-3AE9-4329-BD1A-FA1F909CE812}.Debug|Any CPU.Build.0 = Debug|Any CPU
		{D1A7C61F-3AE9-4329-BD1A-FA1F909CE812}.Release|Any CPU.ActiveCfg = Release|Any CPU
		{D1A7C61F-3AE9-4329-BD1A-FA1F909CE812}.Release|Any CPU.Build.0 = Release|Any CPU
	EndGlobalSection
	GlobalSection(SolutionProperties) = preSolution
		HideSolutionNode = FALSE
	EndGlobalSection
	GlobalSection(ExtensibilityGlobals) = postSolution
		SolutionGuid = {BB93ADAE-1AE6-4CBC-9FA6-CE92DD779507}
	EndGlobalSection
EndGlobal
