
Microsoft Visual Studio Solution File, Format Version 12.00
# Visual Studio Version 17
VisualStudioVersion = 17.1.32328.378
MinimumVisualStudioVersion = 10.0.40219.1
Project("{FAE04EC0-301F-11D3-BF4B-00C04F79EFBC}") = "Aula 7 VS calculadora", "Aula 7 VS calculadora\Aula 7 VS calculadora.csproj", "{E50E7D60-691D-4C08-B1B2-12376BB68E77}"
EndProject
Global
	GlobalSection(SolutionConfigurationPlatforms) = preSolution
		Debug|Any CPU = Debug|Any CPU
		Release|Any CPU = Release|Any CPU
	EndGlobalSection
	GlobalSection(ProjectConfigurationPlatforms) = postSolution
		{E50E7D60-691D-4C08-B1B2-12376BB68E77}.Debug|Any CPU.ActiveCfg = Debug|Any CPU
		{E50E7D60-691D-4C08-B1B2-12376BB68E77}.Debug|Any CPU.Build.0 = Debug|Any CPU
		{E50E7D60-691D-4C08-B1B2-12376BB68E77}.Release|Any CPU.ActiveCfg = Release|Any CPU
		{E50E7D60-691D-4C08-B1B2-12376BB68E77}.Release|Any CPU.Build.0 = Release|Any CPU
	EndGlobalSection
	GlobalSection(SolutionProperties) = preSolution
		HideSolutionNode = FALSE
	EndGlobalSection
	GlobalSection(ExtensibilityGlobals) = postSolution
		SolutionGuid = {15AFC5D0-AD13-477E-AE85-88FC1811C5F5}
	EndGlobalSection
EndGlobal
