
Microsoft Visual Studio Solution File, Format Version 12.00
# Visual Studio Version 17
VisualStudioVersion = 17.1.32328.378
MinimumVisualStudioVersion = 10.0.40219.1
Project("{FAE04EC0-301F-11D3-BF4B-00C04F79EFBC}") = "ConsoleApp1", "ConsoleApp1\ConsoleApp1.csproj", "{E6FC0A6A-A399-4BD8-AF90-6835BCD31B9F}"
EndProject
Global
	GlobalSection(SolutionConfigurationPlatforms) = preSolution
		Debug|Any CPU = Debug|Any CPU
		Release|Any CPU = Release|Any CPU
	EndGlobalSection
	GlobalSection(ProjectConfigurationPlatforms) = postSolution
		{E6FC0A6A-A399-4BD8-AF90-6835BCD31B9F}.Debug|Any CPU.ActiveCfg = Debug|Any CPU
		{E6FC0A6A-A399-4BD8-AF90-6835BCD31B9F}.Debug|Any CPU.Build.0 = Debug|Any CPU
		{E6FC0A6A-A399-4BD8-AF90-6835BCD31B9F}.Release|Any CPU.ActiveCfg = Release|Any CPU
		{E6FC0A6A-A399-4BD8-AF90-6835BCD31B9F}.Release|Any CPU.Build.0 = Release|Any CPU
	EndGlobalSection
	GlobalSection(SolutionProperties) = preSolution
		HideSolutionNode = FALSE
	EndGlobalSection
	GlobalSection(ExtensibilityGlobals) = postSolution
		SolutionGuid = {C0D29E73-7649-41C5-AA26-978B8B5774FC}
	EndGlobalSection
EndGlobal
