
Microsoft Visual Studio Solution File, Format Version 12.00
# Visual Studio Version 17
VisualStudioVersion = 17.1.32328.378
MinimumVisualStudioVersion = 10.0.40219.1
Project("{FAE04EC0-301F-11D3-BF4B-00C04F79EFBC}") = "Exercicio5Lista8MetodoMain", "Exercicio5Lista8MetodoMain\Exercicio5Lista8MetodoMain.csproj", "{16603F6B-450D-4667-8B76-DC0B9CA0033F}"
EndProject
Global
	GlobalSection(SolutionConfigurationPlatforms) = preSolution
		Debug|Any CPU = Debug|Any CPU
		Release|Any CPU = Release|Any CPU
	EndGlobalSection
	GlobalSection(ProjectConfigurationPlatforms) = postSolution
		{16603F6B-450D-4667-8B76-DC0B9CA0033F}.Debug|Any CPU.ActiveCfg = Debug|Any CPU
		{16603F6B-450D-4667-8B76-DC0B9CA0033F}.Debug|Any CPU.Build.0 = Debug|Any CPU
		{16603F6B-450D-4667-8B76-DC0B9CA0033F}.Release|Any CPU.ActiveCfg = Release|Any CPU
		{16603F6B-450D-4667-8B76-DC0B9CA0033F}.Release|Any CPU.Build.0 = Release|Any CPU
	EndGlobalSection
	GlobalSection(SolutionProperties) = preSolution
		HideSolutionNode = FALSE
	EndGlobalSection
	GlobalSection(ExtensibilityGlobals) = postSolution
		SolutionGuid = {0E05E03B-BF16-41B3-ADFC-BBD6181ADBA2}
	EndGlobalSection
EndGlobal
