
Microsoft Visual Studio Solution File, Format Version 12.00
# Visual Studio Version 17
VisualStudioVersion = 17.1.32328.378
MinimumVisualStudioVersion = 10.0.40219.1
Project("{FAE04EC0-301F-11D3-BF4B-00C04F79EFBC}") = "PraticaAula8", "PraticaAula8\PraticaAula8.csproj", "{D2928CDB-7F0B-4532-B5B6-6BDDD391278E}"
EndProject
Global
	GlobalSection(SolutionConfigurationPlatforms) = preSolution
		Debug|Any CPU = Debug|Any CPU
		Release|Any CPU = Release|Any CPU
	EndGlobalSection
	GlobalSection(ProjectConfigurationPlatforms) = postSolution
		{D2928CDB-7F0B-4532-B5B6-6BDDD391278E}.Debug|Any CPU.ActiveCfg = Debug|Any CPU
		{D2928CDB-7F0B-4532-B5B6-6BDDD391278E}.Debug|Any CPU.Build.0 = Debug|Any CPU
		{D2928CDB-7F0B-4532-B5B6-6BDDD391278E}.Release|Any CPU.ActiveCfg = Release|Any CPU
		{D2928CDB-7F0B-4532-B5B6-6BDDD391278E}.Release|Any CPU.Build.0 = Release|Any CPU
	EndGlobalSection
	GlobalSection(SolutionProperties) = preSolution
		HideSolutionNode = FALSE
	EndGlobalSection
	GlobalSection(ExtensibilityGlobals) = postSolution
		SolutionGuid = {CA253761-DE18-4B6D-8659-4720D55C8846}
	EndGlobalSection
EndGlobal
